
Microsoft Visual Studio Solution File, Format Version 12.00
# Visual Studio Version 17
VisualStudioVersion = 17.8.34525.116
MinimumVisualStudioVersion = 10.0.40219.1
Project("{FAE04EC0-301F-11D3-BF4B-00C04F79EFBC}") = "sorting", "sorting.csproj", "{3FE81DD3-8A61-407C-A8DF-A9A2806410CE}"
EndProject
Global
	GlobalSection(SolutionConfigurationPlatforms) = preSolution
		Debug|Any CPU = Debug|Any CPU
		Release|Any CPU = Release|Any CPU
	EndGlobalSection
	GlobalSection(ProjectConfigurationPlatforms) = postSolution
		{3FE81DD3-8A61-407C-A8DF-A9A2806410CE}.Debug|Any CPU.ActiveCfg = Debug|Any CPU
		{3FE81DD3-8A61-407C-A8DF-A9A2806410CE}.Debug|Any CPU.Build.0 = Debug|Any CPU
		{3FE81DD3-8A61-407C-A8DF-A9A2806410CE}.Release|Any CPU.ActiveCfg = Release|Any CPU
		{3FE81DD3-8A61-407C-A8DF-A9A2806410CE}.Release|Any CPU.Build.0 = Release|Any CPU
	EndGlobalSection
	GlobalSection(SolutionProperties) = preSolution
		HideSolutionNode = FALSE
	EndGlobalSection
	GlobalSection(ExtensibilityGlobals) = postSolution
		SolutionGuid = {8AE8F701-F05D-472E-A6B9-84BE36EF4062}
	EndGlobalSection
EndGlobal
